
Microsoft Visual Studio Solution File, Format Version 12.00
# Visual Studio Version 17
VisualStudioVersion = 17.10.35013.160
MinimumVisualStudioVersion = 10.0.40219.1
Project("{9A19103F-16F7-4668-BE54-9A1E7A4F7556}") = "Core.Tests", "Core.Tests\Core.Tests.csproj", "{3E78F3FB-2D28-427C-89EE-A06527BE03ED}"
EndProject
Project("{9A19103F-16F7-4668-BE54-9A1E7A4F7556}") = "App.Forms", "App.Forms\App.Forms.csproj", "{19070E9F-E30A-456E-8A3F-BDF9C91317D8}"
EndProject
Project("{9A19103F-16F7-4668-BE54-9A1E7A4F7556}") = "App_wpf", "App_wpf\App_wpf.csproj", "{0D7DB798-D7EB-41C0-ACE7-5856DCB2F881}"
EndProject
Project("{9A19103F-16F7-4668-BE54-9A1E7A4F7556}") = "Core", "Core\Core.csproj", "{6284C422-FE90-4CAE-8A06-82A62595BFAB}"
EndProject
Global
	GlobalSection(SolutionConfigurationPlatforms) = preSolution
		Debug|Any CPU = Debug|Any CPU
		Release|Any CPU = Release|Any CPU
	EndGlobalSection
	GlobalSection(ProjectConfigurationPlatforms) = postSolution
		{3E78F3FB-2D28-427C-89EE-A06527BE03ED}.Debug|Any CPU.ActiveCfg = Debug|Any CPU
		{3E78F3FB-2D28-427C-89EE-A06527BE03ED}.Debug|Any CPU.Build.0 = Debug|Any CPU
		{3E78F3FB-2D28-427C-89EE-A06527BE03ED}.Release|Any CPU.ActiveCfg = Release|Any CPU
		{3E78F3FB-2D28-427C-89EE-A06527BE03ED}.Release|Any CPU.Build.0 = Release|Any CPU
		{19070E9F-E30A-456E-8A3F-BDF9C91317D8}.Debug|Any CPU.ActiveCfg = Debug|Any CPU
		{19070E9F-E30A-456E-8A3F-BDF9C91317D8}.Debug|Any CPU.Build.0 = Debug|Any CPU
		{19070E9F-E30A-456E-8A3F-BDF9C91317D8}.Release|Any CPU.ActiveCfg = Release|Any CPU
		{19070E9F-E30A-456E-8A3F-BDF9C91317D8}.Release|Any CPU.Build.0 = Release|Any CPU
		{0D7DB798-D7EB-41C0-ACE7-5856DCB2F881}.Debug|Any CPU.ActiveCfg = Debug|Any CPU
		{0D7DB798-D7EB-41C0-ACE7-5856DCB2F881}.Debug|Any CPU.Build.0 = Debug|Any CPU
		{0D7DB798-D7EB-41C0-ACE7-5856DCB2F881}.Release|Any CPU.ActiveCfg = Release|Any CPU
		{0D7DB798-D7EB-41C0-ACE7-5856DCB2F881}.Release|Any CPU.Build.0 = Release|Any CPU
		{6284C422-FE90-4CAE-8A06-82A62595BFAB}.Debug|Any CPU.ActiveCfg = Debug|Any CPU
		{6284C422-FE90-4CAE-8A06-82A62595BFAB}.Debug|Any CPU.Build.0 = Debug|Any CPU
		{6284C422-FE90-4CAE-8A06-82A62595BFAB}.Release|Any CPU.ActiveCfg = Release|Any CPU
		{6284C422-FE90-4CAE-8A06-82A62595BFAB}.Release|Any CPU.Build.0 = Release|Any CPU
	EndGlobalSection
	GlobalSection(SolutionProperties) = preSolution
		HideSolutionNode = FALSE
	EndGlobalSection
	GlobalSection(ExtensibilityGlobals) = postSolution
		SolutionGuid = {10AEADC9-A03E-43B3-96EB-D2F5CAD440C8}
	EndGlobalSection
EndGlobal
